PODS:
  - KochavaTrackeriOS (3.5.1)

DEPENDENCIES:
  - KochavaTrackeriOS (from `../`)

EXTERNAL SOURCES:
  KochavaTrackeriOS:
    :path: "../"

SPEC CHECKSUMS:
  KochavaTrackeriOS: 8869a54f13d871840cbaf614437cbc76254b3fb6

PODFILE CHECKSUM: 429a6df2f6b5fff3543a831e0fcea7ad052b3a87

COCOAPODS: 1.5.2
