PODS:
  - KochavaCoreiOS (4.3.1)
  - KochavaTrackeriOS (4.3.0):
    - KochavaCoreiOS (~> 4.3.1)

DEPENDENCIES:
  - KochavaTrackeriOS (from `../`)

SPEC REPOS:
  trunk:
    - KochavaCoreiOS

EXTERNAL SOURCES:
  KochavaTrackeriOS:
    :path: "../"

SPEC CHECKSUMS:
  KochavaCoreiOS: c16cf148c19c37bc1fc5f3d5ac8f6d0f68c1eaf4
  KochavaTrackeriOS: 035318c5ac44fc51d21b79a1a703c6ec312a328c

PODFILE CHECKSUM: c7a6a52989646040a489d71fcf400b218fd6a311

COCOAPODS: 1.10.1
