PODS:
  - KochavaTrackeriOS (3.6.0)

DEPENDENCIES:
  - KochavaTrackeriOS (from `../`)

EXTERNAL SOURCES:
  KochavaTrackeriOS:
    :path: "../"

SPEC CHECKSUMS:
  KochavaTrackeriOS: 3a066f1e8caffb9fbf7d5252917708fb6e00b661

PODFILE CHECKSUM: 429a6df2f6b5fff3543a831e0fcea7ad052b3a87

COCOAPODS: 1.5.2
